
Microsoft Visual Studio Solution File, Format Version 12.00
# Visual Studio 15
VisualStudioVersion = 15.0.26228.4
MinimumVisualStudioVersion = 10.0.40219.1
Project("{FAE04EC0-301F-11D3-BF4B-00C04F79EFBC}") = "WebAPIMVC", "WebAPIMVC\WebAPIMVC.csproj", "{8AABD193-8BBA-42FA-82A3-7D68A73FA72A}"
EndProject
Project("{FAE04EC0-301F-11D3-BF4B-00C04F79EFBC}") = "UnitTestProject1", "UnitTestProject1\UnitTestProject1.csproj", "{9115E222-EB72-48B9-9C87-9458FCA505B2}"
EndProject
Global
	GlobalSection(SolutionConfigurationPlatforms) = preSolution
		Debug|Any CPU = Debug|Any CPU
		Release|Any CPU = Release|Any CPU
	EndGlobalSection
	GlobalSection(ProjectConfigurationPlatforms) = postSolution
		{8AABD193-8BBA-42FA-82A3-7D68A73FA72A}.Debug|Any CPU.ActiveCfg = Debug|Any CPU
		{8AABD193-8BBA-42FA-82A3-7D68A73FA72A}.Debug|Any CPU.Build.0 = Debug|Any CPU
		{8AABD193-8BBA-42FA-82A3-7D68A73FA72A}.Release|Any CPU.ActiveCfg = Release|Any CPU
		{8AABD193-8BBA-42FA-82A3-7D68A73FA72A}.Release|Any CPU.Build.0 = Release|Any CPU
		{9115E222-EB72-48B9-9C87-9458FCA505B2}.Debug|Any CPU.ActiveCfg = Debug|Any CPU
		{9115E222-EB72-48B9-9C87-9458FCA505B2}.Debug|Any CPU.Build.0 = Debug|Any CPU
		{9115E222-EB72-48B9-9C87-9458FCA505B2}.Release|Any CPU.ActiveCfg = Release|Any CPU
		{9115E222-EB72-48B9-9C87-9458FCA505B2}.Release|Any CPU.Build.0 = Release|Any CPU
	EndGlobalSection
	GlobalSection(SolutionProperties) = preSolution
		HideSolutionNode = FALSE
	EndGlobalSection
EndGlobal
